// !$*UTF8*$!
{
	archiveVersion = 1;
	classes = {
	};
	objectVersion = 56;
	objects = {

/* Begin PBXBuildFile section */
		7F7192CC2B160C9500702F01 /* mediaClubApp.swift in Sources */ = {isa = PBXBuildFile; fileRef = 7F7192CB2B160C9500702F01 /* mediaClubApp.swift */; };
		7F7192CE2B160C9500702F01 /* Persistence.swift in Sources */ = {isa = PBXBuildFile; fileRef = 7F7192CD2B160C9500702F01 /* Persistence.swift */; };
		7F7192D12B160C9500702F01 /* mediaClub.xcdatamodeld in Sources */ = {isa = PBXBuildFile; fileRef = 7F7192CF2B160C9500702F01 /* mediaClub.xcdatamodeld */; };
		7F7192D32B160C9500702F01 /* ContentView.swift in Sources */ = {isa = PBXBuildFile; fileRef = 7F7192D22B160C9500702F01 /* ContentView.swift */; };
		7F7192D52B160C9B00702F01 /* Assets.xcassets in Resources */ = {isa = PBXBuildFile; fileRef = 7F7192D42B160C9B00702F01 /* Assets.xcassets */; };
		7F7192D92B160C9B00702F01 /* Preview Assets.xcassets in Resources */ = {isa = PBXBuildFile; fileRef = 7F7192D82B160C9B00702F01 /* Preview Assets.xcassets */; };
		7F7192E02B160D2900702F01 /* NetworkManger.swift in Sources */ = {isa = PBXBuildFile; fileRef = 7F7192DF2B160D2900702F01 /* NetworkManger.swift */; };
		7F7192E22B161EF700702F01 /* APIDataManger.swift in Sources */ = {isa = PBXBuildFile; fileRef = 7F7192E12B161EF600702F01 /* APIDataManger.swift */; };
		7F7192E42B161FB800702F01 /* ImageModel.swift in Sources */ = {isa = PBXBuildFile; fileRef = 7F7192E32B161FB800702F01 /* ImageModel.swift */; };
		7F7192E62B16215400702F01 /* ImmagesSwiftUIView.swift in Sources */ = {isa = PBXBuildFile; fileRef = 7F7192E52B16215400702F01 /* ImmagesSwiftUIView.swift */; };
		7F7192EB2B16B21E00702F01 /* DataManger.swift in Sources */ = {isa = PBXBuildFile; fileRef = 7F7192EA2B16B21E00702F01 /* DataManger.swift */; };
		7F7192F02B16B39F00702F01 /* Favourit+CoreDataClass.swift in Sources */ = {isa = PBXBuildFile; fileRef = 7F7192EC2B16B39F00702F01 /* Favourit+CoreDataClass.swift */; };
		7F7192F12B16B39F00702F01 /* Favourit+CoreDataProperties.swift in Sources */ = {isa = PBXBuildFile; fileRef = 7F7192ED2B16B39F00702F01 /* Favourit+CoreDataProperties.swift */; };
		7F7192F22B16B39F00702F01 /* User+CoreDataClass.swift in Sources */ = {isa = PBXBuildFile; fileRef = 7F7192EE2B16B39F00702F01 /* User+CoreDataClass.swift */; };
		7F7192F32B16B39F00702F01 /* User+CoreDataProperties.swift in Sources */ = {isa = PBXBuildFile; fileRef = 7F7192EF2B16B39F00702F01 /* User+CoreDataProperties.swift */; };
		7F7B88512B213A9C0086C5FD /* SearchViewModel.swift in Sources */ = {isa = PBXBuildFile; fileRef = 7F7B88502B213A9C0086C5FD /* SearchViewModel.swift */; };
		7F7B88542B21E5950086C5FD /* SearchCollection.swift in Sources */ = {isa = PBXBuildFile; fileRef = 7F7B88532B21E5940086C5FD /* SearchCollection.swift */; };
		7F7B88562B21EA900086C5FD /* CollectionSearchResultView.swift in Sources */ = {isa = PBXBuildFile; fileRef = 7F7B88552B21EA900086C5FD /* CollectionSearchResultView.swift */; };
		7F7B88582B2290280086C5FD /* PhotosModel.swift in Sources */ = {isa = PBXBuildFile; fileRef = 7F7B88572B2290280086C5FD /* PhotosModel.swift */; };
		7F7B885A2B2292C20086C5FD /* PhotosView.swift in Sources */ = {isa = PBXBuildFile; fileRef = 7F7B88592B2292C20086C5FD /* PhotosView.swift */; };
		7FAC40AB2B1D331800480909 /* HomeSwiftUIView.swift in Sources */ = {isa = PBXBuildFile; fileRef = 7FAC40AA2B1D331800480909 /* HomeSwiftUIView.swift */; };
		7FAC40AD2B1D348500480909 /* SearchView.swift in Sources */ = {isa = PBXBuildFile; fileRef = 7FAC40AC2B1D348500480909 /* SearchView.swift */; };
		7FAC40AF2B1DF29D00480909 /* SearchResultView.swift in Sources */ = {isa = PBXBuildFile; fileRef = 7FAC40AE2B1DF29D00480909 /* SearchResultView.swift */; };
		7FAC40B12B1DF44C00480909 /* SearchResponse.swift in Sources */ = {isa = PBXBuildFile; fileRef = 7FAC40B02B1DF44C00480909 /* SearchResponse.swift */; };
/* End PBXBuildFile section */

/* Begin PBXFileReference section */
		7F7192C82B160C9500702F01 /* mediaClub.app */ = {isa = PBXFileReference; explicitFileType = wrapper.application; includeInIndex = 0; path = mediaClub.app; sourceTree = BUILT_PRODUCTS_DIR; };
		7F7192CB2B160C9500702F01 /* mediaClubApp.swift */ = {isa = PBXFileReference; lastKnownFileType = sourcecode.swift; path = mediaClubApp.swift; sourceTree = "<group>"; };
		7F7192CD2B160C9500702F01 /* Persistence.swift */ = {isa = PBXFileReference; lastKnownFileType = sourcecode.swift; path = Persistence.swift; sourceTree = "<group>"; };
		7F7192D02B160C9500702F01 /* mediaClub.xcdatamodel */ = {isa = PBXFileReference; lastKnownFileType = wrapper.xcdatamodel; path = mediaClub.xcdatamodel; sourceTree = "<group>"; };
		7F7192D22B160C9500702F01 /* ContentView.swift */ = {isa = PBXFileReference; lastKnownFileType = sourcecode.swift; path = ContentView.swift; sourceTree = "<group>"; };
		7F7192D42B160C9B00702F01 /* Assets.xcassets */ = {isa = PBXFileReference; lastKnownFileType = folder.assetcatalog; path = Assets.xcassets; sourceTree = "<group>"; };
		7F7192D62B160C9B00702F01 /* mediaClub.entitlements */ = {isa = PBXFileReference; lastKnownFileType = text.plist.entitlements; path = mediaClub.entitlements; sourceTree = "<group>"; };
		7F7192D82B160C9B00702F01 /* Preview Assets.xcassets */ = {isa = PBXFileReference; lastKnownFileType = folder.assetcatalog; path = "Preview Assets.xcassets"; sourceTree = "<group>"; };
		7F7192DF2B160D2900702F01 /* NetworkManger.swift */ = {isa = PBXFileReference; lastKnownFileType = sourcecode.swift; path = NetworkManger.swift; sourceTree = "<group>"; };
		7F7192E12B161EF600702F01 /* APIDataManger.swift */ = {isa = PBXFileReference; lastKnownFileType = sourcecode.swift; path = APIDataManger.swift; sourceTree = "<group>"; };
		7F7192E32B161FB800702F01 /* ImageModel.swift */ = {isa = PBXFileReference; lastKnownFileType = sourcecode.swift; path = ImageModel.swift; sourceTree = "<group>"; };
		7F7192E52B16215400702F01 /* ImmagesSwiftUIView.swift */ = {isa = PBXFileReference; lastKnownFileType = sourcecode.swift; path = ImmagesSwiftUIView.swift; sourceTree = "<group>"; };
		7F7192EA2B16B21E00702F01 /* DataManger.swift */ = {isa = PBXFileReference; lastKnownFileType = sourcecode.swift; path = DataManger.swift; sourceTree = "<group>"; };
		7F7192EC2B16B39F00702F01 /* Favourit+CoreDataClass.swift */ = {isa = PBXFileReference; lastKnownFileType = sourcecode.swift; path = "Favourit+CoreDataClass.swift"; sourceTree = "<group>"; };
		7F7192ED2B16B39F00702F01 /* Favourit+CoreDataProperties.swift */ = {isa = PBXFileReference; lastKnownFileType = sourcecode.swift; path = "Favourit+CoreDataProperties.swift"; sourceTree = "<group>"; };
		7F7192EE2B16B39F00702F01 /* User+CoreDataClass.swift */ = {isa = PBXFileReference; lastKnownFileType = sourcecode.swift; path = "User+CoreDataClass.swift"; sourceTree = "<group>"; };
		7F7192EF2B16B39F00702F01 /* User+CoreDataProperties.swift */ = {isa = PBXFileReference; lastKnownFileType = sourcecode.swift; path = "User+CoreDataProperties.swift"; sourceTree = "<group>"; };
		7F7B88502B213A9C0086C5FD /* SearchViewModel.swift */ = {isa = PBXFileReference; lastKnownFileType = sourcecode.swift; path = SearchViewModel.swift; sourceTree = "<group>"; };
		7F7B88532B21E5940086C5FD /* SearchCollection.swift */ = {isa = PBXFileReference; lastKnownFileType = sourcecode.swift; path = SearchCollection.swift; sourceTree = "<group>"; };
		7F7B88552B21EA900086C5FD /* CollectionSearchResultView.swift */ = {isa = PBXFileReference; lastKnownFileType = sourcecode.swift; path = CollectionSearchResultView.swift; sourceTree = "<group>"; };
		7F7B88572B2290280086C5FD /* PhotosModel.swift */ = {isa = PBXFileReference; lastKnownFileType = sourcecode.swift; path = PhotosModel.swift; sourceTree = "<group>"; };
		7F7B88592B2292C20086C5FD /* PhotosView.swift */ = {isa = PBXFileReference; lastKnownFileType = sourcecode.swift; path = PhotosView.swift; sourceTree = "<group>"; };
		7FAC40AA2B1D331800480909 /* HomeSwiftUIView.swift */ = {isa = PBXFileReference; lastKnownFileType = sourcecode.swift; path = HomeSwiftUIView.swift; sourceTree = "<group>"; };
		7FAC40AC2B1D348500480909 /* SearchView.swift */ = {isa = PBXFileReference; lastKnownFileType = sourcecode.swift; path = SearchView.swift; sourceTree = "<group>"; };
		7FAC40AE2B1DF29D00480909 /* SearchResultView.swift */ = {isa = PBXFileReference; lastKnownFileType = sourcecode.swift; path = SearchResultView.swift; sourceTree = "<group>"; };
		7FAC40B02B1DF44C00480909 /* SearchResponse.swift */ = {isa = PBXFileReference; lastKnownFileType = sourcecode.swift; path = SearchResponse.swift; sourceTree = "<group>"; };
/* End PBXFileReference section */

/* Begin PBXFrameworksBuildPhase section */
		7F7192C52B160C9500702F01 /* Frameworks */ = {
			isa = PBXFrameworksBuildPhase;
			buildActionMask = 2147483647;
			files = (
			);
			runOnlyForDeploymentPostprocessing = 0;
		};
/* End PBXFrameworksBuildPhase section */

/* Begin PBXGroup section */
		7F7192BF2B160C9500702F01 = {
			isa = PBXGroup;
			children = (
				7F7192CA2B160C9500702F01 /* mediaClub */,
				7F7192C92B160C9500702F01 /* Products */,
			);
			sourceTree = "<group>";
		};
		7F7192C92B160C9500702F01 /* Products */ = {
			isa = PBXGroup;
			children = (
				7F7192C82B160C9500702F01 /* mediaClub.app */,
			);
			name = Products;
			sourceTree = "<group>";
		};
		7F7192CA2B160C9500702F01 /* mediaClub */ = {
			isa = PBXGroup;
			children = (
				7F7192F42B16B3C100702F01 /* CoreData */,
				7F7192CB2B160C9500702F01 /* mediaClubApp.swift */,
				7F7192CD2B160C9500702F01 /* Persistence.swift */,
				7F7192D22B160C9500702F01 /* ContentView.swift */,
				7F7192D42B160C9B00702F01 /* Assets.xcassets */,
				7F7192D62B160C9B00702F01 /* mediaClub.entitlements */,
				7F7192CF2B160C9500702F01 /* mediaClub.xcdatamodeld */,
				7F7192D72B160C9B00702F01 /* Preview Content */,
				7F7192E92B163D8A00702F01 /* APIManger */,
				7F7192E82B163D7300702F01 /* Model */,
				7F7192E72B163D6000702F01 /* Views */,
				7F7192EA2B16B21E00702F01 /* DataManger.swift */,
				7F7B88522B213ADA0086C5FD /* ViewModel */,
			);
			path = mediaClub;
			sourceTree = "<group>";
		};
		7F7192D72B160C9B00702F01 /* Preview Content */ = {
			isa = PBXGroup;
			children = (
				7F7192D82B160C9B00702F01 /* Preview Assets.xcassets */,
			);
			path = "Preview Content";
			sourceTree = "<group>";
		};
		7F7192E72B163D6000702F01 /* Views */ = {
			isa = PBXGroup;
			children = (
				7F7192E52B16215400702F01 /* ImmagesSwiftUIView.swift */,
				7FAC40AA2B1D331800480909 /* HomeSwiftUIView.swift */,
				7FAC40AC2B1D348500480909 /* SearchView.swift */,
				7FAC40AE2B1DF29D00480909 /* SearchResultView.swift */,
				7F7B88552B21EA900086C5FD /* CollectionSearchResultView.swift */,
				7F7B88592B2292C20086C5FD /* PhotosView.swift */,
			);
			path = Views;
			sourceTree = "<group>";
		};
		7F7192E82B163D7300702F01 /* Model */ = {
			isa = PBXGroup;
			children = (
				7F7192E32B161FB800702F01 /* ImageModel.swift */,
				7FAC40B02B1DF44C00480909 /* SearchResponse.swift */,
				7F7B88532B21E5940086C5FD /* SearchCollection.swift */,
				7F7B88572B2290280086C5FD /* PhotosModel.swift */,
			);
			path = Model;
			sourceTree = "<group>";
		};
		7F7192E92B163D8A00702F01 /* APIManger */ = {
			isa = PBXGroup;
			children = (
				7F7192DF2B160D2900702F01 /* NetworkManger.swift */,
				7F7192E12B161EF600702F01 /* APIDataManger.swift */,
			);
			path = APIManger;
			sourceTree = "<group>";
		};
		7F7192F42B16B3C100702F01 /* CoreData */ = {
			isa = PBXGroup;
			children = (
				7F7192EC2B16B39F00702F01 /* Favourit+CoreDataClass.swift */,
				7F7192ED2B16B39F00702F01 /* Favourit+CoreDataProperties.swift */,
				7F7192EE2B16B39F00702F01 /* User+CoreDataClass.swift */,
				7F7192EF2B16B39F00702F01 /* User+CoreDataProperties.swift */,
			);
			path = CoreData;
			sourceTree = "<group>";
		};
		7F7B88522B213ADA0086C5FD /* ViewModel */ = {
			isa = PBXGroup;
			children = (
				7F7B88502B213A9C0086C5FD /* SearchViewModel.swift */,
			);
			path = ViewModel;
			sourceTree = "<group>";
		};
/* End PBXGroup section */

/* Begin PBXNativeTarget section */
		7F7192C72B160C9500702F01 /* mediaClub */ = {
			isa = PBXNativeTarget;
			buildConfigurationList = 7F7192DC2B160C9B00702F01 /* Build configuration list for PBXNativeTarget "mediaClub" */;
			buildPhases = (
				7F7192C42B160C9500702F01 /* Sources */,
				7F7192C52B160C9500702F01 /* Frameworks */,
				7F7192C62B160C9500702F01 /* Resources */,
			);
			buildRules = (
			);
			dependencies = (
			);
			name = mediaClub;
			productName = mediaClub;
			productReference = 7F7192C82B160C9500702F01 /* mediaClub.app */;
			productType = "com.apple.product-type.application";
		};
/* End PBXNativeTarget section */

/* Begin PBXProject section */
		7F7192C02B160C9500702F01 /* Project object */ = {
			isa = PBXProject;
			attributes = {
				BuildIndependentTargetsInParallel = 1;
				LastSwiftUpdateCheck = 1500;
				LastUpgradeCheck = 1500;
				TargetAttributes = {
					7F7192C72B160C9500702F01 = {
						CreatedOnToolsVersion = 15.0.1;
					};
				};
			};
			buildConfigurationList = 7F7192C32B160C9500702F01 /* Build configuration list for PBXProject "mediaClub" */;
			compatibilityVersion = "Xcode 14.0";
			developmentRegion = en;
			hasScannedForEncodings = 0;
			knownRegions = (
				en,
				Base,
			);
			mainGroup = 7F7192BF2B160C9500702F01;
			productRefGroup = 7F7192C92B160C9500702F01 /* Products */;
			projectDirPath = "";
			projectRoot = "";
			targets = (
				7F7192C72B160C9500702F01 /* mediaClub */,
			);
		};
/* End PBXProject section */

/* Begin PBXResourcesBuildPhase section */
		7F7192C62B160C9500702F01 /* Resources */ = {
			isa = PBXResourcesBuildPhase;
			buildActionMask = 2147483647;
			files = (
				7F7192D92B160C9B00702F01 /* Preview Assets.xcassets in Resources */,
				7F7192D52B160C9B00702F01 /* Assets.xcassets in Resources */,
			);
			runOnlyForDeploymentPostprocessing = 0;
		};
/* End PBXResourcesBuildPhase section */

/* Begin PBXSourcesBuildPhase section */
		7F7192C42B160C9500702F01 /* Sources */ = {
			isa = PBXSourcesBuildPhase;
			buildActionMask = 2147483647;
			files = (
				7F7192F12B16B39F00702F01 /* Favourit+CoreDataProperties.swift in Sources */,
				7FAC40AF2B1DF29D00480909 /* SearchResultView.swift in Sources */,
				7F7192E02B160D2900702F01 /* NetworkManger.swift in Sources */,
				7F7192F22B16B39F00702F01 /* User+CoreDataClass.swift in Sources */,
				7F7192CC2B160C9500702F01 /* mediaClubApp.swift in Sources */,
				7F7192D12B160C9500702F01 /* mediaClub.xcdatamodeld in Sources */,
				7F7B88512B213A9C0086C5FD /* SearchViewModel.swift in Sources */,
				7F7192D32B160C9500702F01 /* ContentView.swift in Sources */,
				7F7192E62B16215400702F01 /* ImmagesSwiftUIView.swift in Sources */,
				7F7192F02B16B39F00702F01 /* Favourit+CoreDataClass.swift in Sources */,
				7F7B88562B21EA900086C5FD /* CollectionSearchResultView.swift in Sources */,
				7F7192E22B161EF700702F01 /* APIDataManger.swift in Sources */,
				7F7B88542B21E5950086C5FD /* SearchCollection.swift in Sources */,
				7F7192CE2B160C9500702F01 /* Persistence.swift in Sources */,
				7F7B88582B2290280086C5FD /* PhotosModel.swift in Sources */,
				7F7B885A2B2292C20086C5FD /* PhotosView.swift in Sources */,
				7FAC40AD2B1D348500480909 /* SearchView.swift in Sources */,
				7FAC40B12B1DF44C00480909 /* SearchResponse.swift in Sources */,
				7F7192F32B16B39F00702F01 /* User+CoreDataProperties.swift in Sources */,
				7F7192E42B161FB800702F01 /* ImageModel.swift in Sources */,
				7F7192EB2B16B21E00702F01 /* DataManger.swift in Sources */,
				7FAC40AB2B1D331800480909 /* HomeSwiftUIView.swift in Sources */,
			);
			runOnlyForDeploymentPostprocessing = 0;
		};
/* End PBXSourcesBuildPhase section */

/* Begin XCBuildConfiguration section */
		7F7192DA2B160C9B00702F01 /* Debug */ = {
			isa = XCBuildConfiguration;
			buildSettings = {
				ALWAYS_SEARCH_USER_PATHS = NO;
				ASSETCATALOG_COMPILER_GENERATE_SWIFT_ASSET_SYMBOL_EXTENSIONS = YES;
				CLANG_ANALYZER_NONNULL = YES;
				CLANG_ANALYZER_NUMBER_OBJECT_CONVERSION = YES_AGGRESSIVE;
				CLANG_CXX_LANGUAGE_STANDARD = "gnu++20";
				CLANG_ENABLE_MODULES = YES;
				CLANG_ENABLE_OBJC_ARC = YES;
				CLANG_ENABLE_OBJC_WEAK = YES;
				CLANG_WARN_BLOCK_CAPTURE_AUTORELEASING = YES;
				CLANG_WARN_BOOL_CONVERSION = YES;
				CLANG_WARN_COMMA = YES;
				CLANG_WARN_CONSTANT_CONVERSION = YES;
				CLANG_WARN_DEPRECATED_OBJC_IMPLEMENTATIONS = YES;
				CLANG_WARN_DIRECT_OBJC_ISA_USAGE = YES_ERROR;
				CLANG_WARN_DOCUMENTATION_COMMENTS = YES;
				CLANG_WARN_EMPTY_BODY = YES;
				CLANG_WARN_ENUM_CONVERSION = YES;
				CLANG_WARN_INFINITE_RECURSION = YES;
				CLANG_WARN_INT_CONVERSION = YES;
				CLANG_WARN_NON_LITERAL_NULL_CONVERSION = YES;
				CLANG_WARN_OBJC_IMPLICIT_RETAIN_SELF = YES;
				CLANG_WARN_OBJC_LITERAL_CONVERSION = YES;
				CLANG_WARN_OBJC_ROOT_CLASS = YES_ERROR;
				CLANG_WARN_QUOTED_INCLUDE_IN_FRAMEWORK_HEADER = YES;
				CLANG_WARN_RANGE_LOOP_ANALYSIS = YES;
				CLANG_WARN_STRICT_PROTOTYPES = YES;
				CLANG_WARN_SUSPICIOUS_MOVE = YES;
				CLANG_WARN_UNGUARDED_AVAILABILITY = YES_AGGRESSIVE;
				CLANG_WARN_UNREACHABLE_CODE = YES;
				CLANG_WARN__DUPLICATE_METHOD_MATCH = YES;
				COPY_PHASE_STRIP = NO;
				DEBUG_INFORMATION_FORMAT = dwarf;
				ENABLE_STRICT_OBJC_MSGSEND = YES;
				ENABLE_TESTABILITY = YES;
				ENABLE_USER_SCRIPT_SANDBOXING = YES;
				GCC_C_LANGUAGE_STANDARD = gnu17;
				GCC_DYNAMIC_NO_PIC = NO;
				GCC_NO_COMMON_BLOCKS = YES;
				GCC_OPTIMIZATION_LEVEL = 0;
				GCC_PREPROCESSOR_DEFINITIONS = (
					"DEBUG=1",
					"$(inherited)",
				);
				GCC_WARN_64_TO_32_BIT_CONVERSION = YES;
				GCC_WARN_ABOUT_RETURN_TYPE = YES_ERROR;
				GCC_WARN_UNDECLARED_SELECTOR = YES;
				GCC_WARN_UNINITIALIZED_AUTOS = YES_AGGRESSIVE;
				GCC_WARN_UNUSED_FUNCTION = YES;
				GCC_WARN_UNUSED_VARIABLE = YES;
				LOCALIZATION_PREFERS_STRING_CATALOGS = YES;
				MTL_ENABLE_DEBUG_INFO = INCLUDE_SOURCE;
				MTL_FAST_MATH = YES;
				ONLY_ACTIVE_ARCH = YES;
				SWIFT_ACTIVE_COMPILATION_CONDITIONS = "DEBUG $(inherited)";
				SWIFT_OPTIMIZATION_LEVEL = "-Onone";
			};
			name = Debug;
		};
		7F7192DB2B160C9B00702F01 /* Release */ = {
			isa = XCBuildConfiguration;
			buildSettings = {
				ALWAYS_SEARCH_USER_PATHS = NO;
				ASSETCATALOG_COMPILER_GENERATE_SWIFT_ASSET_SYMBOL_EXTENSIONS = YES;
				CLANG_ANALYZER_NONNULL = YES;
				CLANG_ANALYZER_NUMBER_OBJECT_CONVERSION = YES_AGGRESSIVE;
				CLANG_CXX_LANGUAGE_STANDARD = "gnu++20";
				CLANG_ENABLE_MODULES = YES;
				CLANG_ENABLE_OBJC_ARC = YES;
				CLANG_ENABLE_OBJC_WEAK = YES;
				CLANG_WARN_BLOCK_CAPTURE_AUTORELEASING = YES;
				CLANG_WARN_BOOL_CONVERSION = YES;
				CLANG_WARN_COMMA = YES;
				CLANG_WARN_CONSTANT_CONVERSION = YES;
				CLANG_WARN_DEPRECATED_OBJC_IMPLEMENTATIONS = YES;
				CLANG_WARN_DIRECT_OBJC_ISA_USAGE = YES_ERROR;
				CLANG_WARN_DOCUMENTATION_COMMENTS = YES;
				CLANG_WARN_EMPTY_BODY = YES;
				CLANG_WARN_ENUM_CONVERSION = YES;
				CLANG_WARN_INFINITE_RECURSION = YES;
				CLANG_WARN_INT_CONVERSION = YES;
				CLANG_WARN_NON_LITERAL_NULL_CONVERSION = YES;
				CLANG_WARN_OBJC_IMPLICIT_RETAIN_SELF = YES;
				CLANG_WARN_OBJC_LITERAL_CONVERSION = YES;
				CLANG_WARN_OBJC_ROOT_CLASS = YES_ERROR;
				CLANG_WARN_QUOTED_INCLUDE_IN_FRAMEWORK_HEADER = YES;
				CLANG_WARN_RANGE_LOOP_ANALYSIS = YES;
				CLANG_WARN_STRICT_PROTOTYPES = YES;
				CLANG_WARN_SUSPICIOUS_MOVE = YES;
				CLANG_WARN_UNGUARDED_AVAILABILITY = YES_AGGRESSIVE;
				CLANG_WARN_UNREACHABLE_CODE = YES;
				CLANG_WARN__DUPLICATE_METHOD_MATCH = YES;
				COPY_PHASE_STRIP = NO;
				DEBUG_INFORMATION_FORMAT = "dwarf-with-dsym";
				ENABLE_NS_ASSERTIONS = NO;
				ENABLE_STRICT_OBJC_MSGSEND = YES;
				ENABLE_USER_SCRIPT_SANDBOXING = YES;
				GCC_C_LANGUAGE_STANDARD = gnu17;
				GCC_NO_COMMON_BLOCKS = YES;
				GCC_WARN_64_TO_32_BIT_CONVERSION = YES;
				GCC_WARN_ABOUT_RETURN_TYPE = YES_ERROR;
				GCC_WARN_UNDECLARED_SELECTOR = YES;
				GCC_WARN_UNINITIALIZED_AUTOS = YES_AGGRESSIVE;
				GCC_WARN_UNUSED_FUNCTION = YES;
				GCC_WARN_UNUSED_VARIABLE = YES;
				LOCALIZATION_PREFERS_STRING_CATALOGS = YES;
				MTL_ENABLE_DEBUG_INFO = NO;
				MTL_FAST_MATH = YES;
				SWIFT_COMPILATION_MODE = wholemodule;
			};
			name = Release;
		};
		7F7192DD2B160C9B00702F01 /* Debug */ = {
			isa = XCBuildConfiguration;
			buildSettings = {
				ASSETCATALOG_COMPILER_APPICON_NAME = AppIcon;
				ASSETCATALOG_COMPILER_GLOBAL_ACCENT_COLOR_NAME = AccentColor;
				CODE_SIGN_ENTITLEMENTS = mediaClub/mediaClub.entitlements;
				CODE_SIGN_STYLE = Automatic;
				CURRENT_PROJECT_VERSION = 1;
				DEVELOPMENT_ASSET_PATHS = "\"mediaClub/Preview Content\"";
				ENABLE_PREVIEWS = YES;
				GENERATE_INFOPLIST_FILE = YES;
				"INFOPLIST_KEY_UIApplicationSceneManifest_Generation[sdk=iphoneos*]" = YES;
				"INFOPLIST_KEY_UIApplicationSceneManifest_Generation[sdk=iphonesimulator*]" = YES;
				"INFOPLIST_KEY_UIApplicationSupportsIndirectInputEvents[sdk=iphoneos*]" = YES;
				"INFOPLIST_KEY_UIApplicationSupportsIndirectInputEvents[sdk=iphonesimulator*]" = YES;
				"INFOPLIST_KEY_UILaunchScreen_Generation[sdk=iphoneos*]" = YES;
				"INFOPLIST_KEY_UILaunchScreen_Generation[sdk=iphonesimulator*]" = YES;
				"INFOPLIST_KEY_UIStatusBarStyle[sdk=iphoneos*]" = UIStatusBarStyleDefault;
				"INFOPLIST_KEY_UIStatusBarStyle[sdk=iphonesimulator*]" = UIStatusBarStyleDefault;
				INFOPLIST_KEY_UISupportedInterfaceOrientations_iPad = "UIInterfaceOrientationPortrait UIInterfaceOrientationPortraitUpsideDown UIInterfaceOrientationLandscapeLeft UIInterfaceOrientationLandscapeRight";
				INFOPLIST_KEY_UISupportedInterfaceOrientations_iPhone = "UIInterfaceOrientationPortrait UIInterfaceOrientationLandscapeLeft UIInterfaceOrientationLandscapeRight";
				IPHONEOS_DEPLOYMENT_TARGET = 17.0;
				LD_RUNPATH_SEARCH_PATHS = "@executable_path/Frameworks";
				"LD_RUNPATH_SEARCH_PATHS[sdk=macosx*]" = "@executable_path/../Frameworks";
				MACOSX_DEPLOYMENT_TARGET = 13.5;
				MARKETING_VERSION = 1.0;
				PRODUCT_BUNDLE_IDENTIFIER = com.globaldatatek.mediaClub;
				PRODUCT_NAME = "$(TARGET_NAME)";
				SDKROOT = auto;
				SUPPORTED_PLATFORMS = "iphoneos iphonesimulator macosx";
				SWIFT_EMIT_LOC_STRINGS = YES;
				SWIFT_VERSION = 5.0;
				TARGETED_DEVICE_FAMILY = "1,2";
			};
			name = Debug;
		};
		7F7192DE2B160C9B00702F01 /* Release */ = {
			isa = XCBuildConfiguration;
			buildSettings = {
				ASSETCATALOG_COMPILER_APPICON_NAME = AppIcon;
				ASSETCATALOG_COMPILER_GLOBAL_ACCENT_COLOR_NAME = AccentColor;
				CODE_SIGN_ENTITLEMENTS = mediaClub/mediaClub.entitlements;
				CODE_SIGN_STYLE = Automatic;
				CURRENT_PROJECT_VERSION = 1;
				DEVELOPMENT_ASSET_PATHS = "\"mediaClub/Preview Content\"";
				ENABLE_PREVIEWS = YES;
				GENERATE_INFOPLIST_FILE = YES;
				"INFOPLIST_KEY_UIApplicationSceneManifest_Generation[sdk=iphoneos*]" = YES;
				"INFOPLIST_KEY_UIApplicationSceneManifest_Generation[sdk=iphonesimulator*]" = YES;
				"INFOPLIST_KEY_UIApplicationSupportsIndirectInputEvents[sdk=iphoneos*]" = YES;
				"INFOPLIST_KEY_UIApplicationSupportsIndirectInputEvents[sdk=iphonesimulator*]" = YES;
				"INFOPLIST_KEY_UILaunchScreen_Generation[sdk=iphoneos*]" = YES;
				"INFOPLIST_KEY_UILaunchScreen_Generation[sdk=iphonesimulator*]" = YES;
				"INFOPLIST_KEY_UIStatusBarStyle[sdk=iphoneos*]" = UIStatusBarStyleDefault;
				"INFOPLIST_KEY_UIStatusBarStyle[sdk=iphonesimulator*]" = UIStatusBarStyleDefault;
				INFOPLIST_KEY_UISupportedInterfaceOrientations_iPad = "UIInterfaceOrientationPortrait UIInterfaceOrientationPortraitUpsideDown UIInterfaceOrientationLandscapeLeft UIInterfaceOrientationLandscapeRight";
				INFOPLIST_KEY_UISupportedInterfaceOrientations_iPhone = "UIInterfaceOrientationPortrait UIInterfaceOrientationLandscapeLeft UIInterfaceOrientationLandscapeRight";
				IPHONEOS_DEPLOYMENT_TARGET = 17.0;
				LD_RUNPATH_SEARCH_PATHS = "@executable_path/Frameworks";
				"LD_RUNPATH_SEARCH_PATHS[sdk=macosx*]" = "@executable_path/../Frameworks";
				MACOSX_DEPLOYMENT_TARGET = 13.5;
				MARKETING_VERSION = 1.0;
				PRODUCT_BUNDLE_IDENTIFIER = com.globaldatatek.mediaClub;
				PRODUCT_NAME = "$(TARGET_NAME)";
				SDKROOT = auto;
				SUPPORTED_PLATFORMS = "iphoneos iphonesimulator macosx";
				SWIFT_EMIT_LOC_STRINGS = YES;
				SWIFT_VERSION = 5.0;
				TARGETED_DEVICE_FAMILY = "1,2";
			};
			name = Release;
		};
/* End XCBuildConfiguration section */

/* Begin XCConfigurationList section */
		7F7192C32B160C9500702F01 /* Build configuration list for PBXProject "mediaClub" */ = {
			isa = XCConfigurationList;
			buildConfigurations = (
				7F7192DA2B160C9B00702F01 /* Debug */,
				7F7192DB2B160C9B00702F01 /* Release */,
			);
			defaultConfigurationIsVisible = 0;
			defaultConfigurationName = Release;
		};
		7F7192DC2B160C9B00702F01 /* Build configuration list for PBXNativeTarget "mediaClub" */ = {
			isa = XCConfigurationList;
			buildConfigurations = (
				7F7192DD2B160C9B00702F01 /* Debug */,
				7F7192DE2B160C9B00702F01 /* Release */,
			);
			defaultConfigurationIsVisible = 0;
			defaultConfigurationName = Release;
		};
/* End XCConfigurationList section */

/* Begin XCVersionGroup section */
		7F7192CF2B160C9500702F01 /* mediaClub.xcdatamodeld */ = {
			isa = XCVersionGroup;
			children = (
				7F7192D02B160C9500702F01 /* mediaClub.xcdatamodel */,
			);
			currentVersion = 7F7192D02B160C9500702F01 /* mediaClub.xcdatamodel */;
			path = mediaClub.xcdatamodeld;
			sourceTree = "<group>";
			versionGroupType = wrapper.xcdatamodel;
		};
/* End XCVersionGroup section */
	};
	rootObject = 7F7192C02B160C9500702F01 /* Project object */;
}
